
Microsoft Visual Studio Solution File, Format Version 12.00
# Visual Studio Version 16
VisualStudioVersion = 25.0.1706.4
MinimumVisualStudioVersion = 10.0.40219.1
Project("{FAE04EC0-301F-11D3-BF4B-00C04F79EFBC}") = "RpnCalculatorUI", "RpnCalculatorUI.csproj", "{BE5AA8FA-EC56-4364-8D39-08FDFEC15649}"
EndProject
Global
	GlobalSection(SolutionConfigurationPlatforms) = preSolution
		Debug|Any CPU = Debug|Any CPU
		Release|Any CPU = Release|Any CPU
	EndGlobalSection
	GlobalSection(ProjectConfigurationPlatforms) = postSolution
		{BE5AA8FA-EC56-4364-8D39-08FDFEC15649}.Debug|Any CPU.ActiveCfg = Debug|Any CPU
		{BE5AA8FA-EC56-4364-8D39-08FDFEC15649}.Debug|Any CPU.Build.0 = Debug|Any CPU
		{BE5AA8FA-EC56-4364-8D39-08FDFEC15649}.Release|Any CPU.ActiveCfg = Release|Any CPU
		{BE5AA8FA-EC56-4364-8D39-08FDFEC15649}.Release|Any CPU.Build.0 = Release|Any CPU
	EndGlobalSection
	GlobalSection(SolutionProperties) = preSolution
		HideSolutionNode = FALSE
	EndGlobalSection
	GlobalSection(ExtensibilityGlobals) = postSolution
		SolutionGuid = {11550E87-41F7-4EAA-BD2F-E4544BA4E4D0}
	EndGlobalSection
EndGlobal
